// !$*UTF8*$!
{
	archiveVersion = 1;
	classes = {
	};
	objectVersion = 51;
	objects = {

/* Begin PBXBuildFile section */
		07EE0D4A74CA9372E38F1812 /* Pods_TMXMLYFM.framework in Frameworks */ = {isa = PBXBuildFile; fileRef = 620CDDEC721CEC2BF40314A4 /* Pods_TMXMLYFM.framework */; };
		297055503E3B40FD63A8F13A /* Pods_TMXMLYFM_TMXMLYFMUITests.framework in Frameworks */ = {isa = PBXBuildFile; fileRef = D8AFE499982C77DC5CDAB33E /* Pods_TMXMLYFM_TMXMLYFMUITests.framework */; };
		AA1588D42468E05800ACB8EC /* TMBaseContentView.swift in Sources */ = {isa = PBXBuildFile; fileRef = AA1588D32468E05800ACB8EC /* TMBaseContentView.swift */; };
		AA1588D62468E1A500ACB8EC /* TMBouncesContentView.swift in Sources */ = {isa = PBXBuildFile; fileRef = AA1588D52468E1A500ACB8EC /* TMBouncesContentView.swift */; };
		AA1588D82468E1CF00ACB8EC /* TMIrregularityContentView.swift in Sources */ = {isa = PBXBuildFile; fileRef = AA1588D72468E1CF00ACB8EC /* TMIrregularityContentView.swift */; };
		AA1588EE2468EDAF00ACB8EC /* TMHomeViewController.swift in Sources */ = {isa = PBXBuildFile; fileRef = AA1588ED2468EDAF00ACB8EC /* TMHomeViewController.swift */; };
		AA1588F02468EDB900ACB8EC /* TMListenViewController.swift in Sources */ = {isa = PBXBuildFile; fileRef = AA1588EF2468EDB900ACB8EC /* TMListenViewController.swift */; };
		AA1588F22468EDC300ACB8EC /* TMPlayViewController.swift in Sources */ = {isa = PBXBuildFile; fileRef = AA1588F12468EDC300ACB8EC /* TMPlayViewController.swift */; };
		AA1588F42468EDCD00ACB8EC /* TMFindViewController.swift in Sources */ = {isa = PBXBuildFile; fileRef = AA1588F32468EDCD00ACB8EC /* TMFindViewController.swift */; };
		AA1588F62468EDD700ACB8EC /* TMMineViewController.swift in Sources */ = {isa = PBXBuildFile; fileRef = AA1588F52468EDD700ACB8EC /* TMMineViewController.swift */; };
		AA1588F92468EFC900ACB8EC /* TMNavigationController.swift in Sources */ = {isa = PBXBuildFile; fileRef = AA1588F82468EFC900ACB8EC /* TMNavigationController.swift */; };
		AA1589022468F00100ACB8EC /* WRNavigationBar.swift in Sources */ = {isa = PBXBuildFile; fileRef = AA1588FC2468F00100ACB8EC /* WRNavigationBar.swift */; };
		AA1589032468F00100ACB8EC /* WRCustomNavigationBar.swift in Sources */ = {isa = PBXBuildFile; fileRef = AA1588FD2468F00100ACB8EC /* WRCustomNavigationBar.swift */; };
		AA1589042468F00100ACB8EC /* WRProxy.swift in Sources */ = {isa = PBXBuildFile; fileRef = AA1588FF2468F00100ACB8EC /* WRProxy.swift */; };
		AA1589052468F00100ACB8EC /* WRCycleScrollView.swift in Sources */ = {isa = PBXBuildFile; fileRef = AA1589002468F00100ACB8EC /* WRCycleScrollView.swift */; };
		AA1589062468F00100ACB8EC /* WRCycleCell.swift in Sources */ = {isa = PBXBuildFile; fileRef = AA1589012468F00100ACB8EC /* WRCycleCell.swift */; };
		AA1589092468F19200ACB8EC /* TMConst.swift in Sources */ = {isa = PBXBuildFile; fileRef = AA1589082468F19200ACB8EC /* TMConst.swift */; };
		AA1C31932467E829000D467E /* AppDelegate.swift in Sources */ = {isa = PBXBuildFile; fileRef = AA1C31922467E829000D467E /* AppDelegate.swift */; };
		AA1C31972467E829000D467E /* ViewController.swift in Sources */ = {isa = PBXBuildFile; fileRef = AA1C31962467E829000D467E /* ViewController.swift */; };
		AA1C319A2467E829000D467E /* Main.storyboard in Resources */ = {isa = PBXBuildFile; fileRef = AA1C31982467E829000D467E /* Main.storyboard */; };
		AA1C319C2467E82A000D467E /* Assets.xcassets in Resources */ = {isa = PBXBuildFile; fileRef = AA1C319B2467E82A000D467E /* Assets.xcassets */; };
		AA1C319F2467E82A000D467E /* LaunchScreen.storyboard in Resources */ = {isa = PBXBuildFile; fileRef = AA1C319D2467E82A000D467E /* LaunchScreen.storyboard */; };
		AA1C31AA2467E82A000D467E /* TMXMLYFMTests.swift in Sources */ = {isa = PBXBuildFile; fileRef = AA1C31A92467E82A000D467E /* TMXMLYFMTests.swift */; };
		AA1C31B52467E82A000D467E /* TMXMLYFMUITests.swift in Sources */ = {isa = PBXBuildFile; fileRef = AA1C31B42467E82A000D467E /* TMXMLYFMUITests.swift */; };
		AA1C31CB2467FB68000D467E /* TMGuidePage.swift in Sources */ = {isa = PBXBuildFile; fileRef = AA1C31CA2467FB68000D467E /* TMGuidePage.swift */; };
		AA1C31CF2467FB84000D467E /* lead03.png in Resources */ = {isa = PBXBuildFile; fileRef = AA1C31CC2467FB84000D467E /* lead03.png */; };
		AA1C31D02467FB84000D467E /* lead01.png in Resources */ = {isa = PBXBuildFile; fileRef = AA1C31CD2467FB84000D467E /* lead01.png */; };
		AA1C31D12467FB84000D467E /* lead02.png in Resources */ = {isa = PBXBuildFile; fileRef = AA1C31CE2467FB84000D467E /* lead02.png */; };
		AA1C31D32467FBD1000D467E /* UIImage+GIF.swift in Sources */ = {isa = PBXBuildFile; fileRef = AA1C31D22467FBD1000D467E /* UIImage+GIF.swift */; };
		AA1C31D52467FBD7000D467E /* guide_btn_bg@2x.png in Resources */ = {isa = PBXBuildFile; fileRef = AA1C31D42467FBD7000D467E /* guide_btn_bg@2x.png */; };
		AC0577B4FEC1F360517D108A /* Pods_TMXMLYFMTests.framework in Frameworks */ = {isa = PBXBuildFile; fileRef = D34BB1F448F23EFD027C697A /* Pods_TMXMLYFMTests.framework */; };
/* End PBXBuildFile section */

/* Begin PBXContainerItemProxy section */
		AA1C31A62467E82A000D467E /* PBXContainerItemProxy */ = {
			isa = PBXContainerItemProxy;
			containerPortal = AA1C31872467E828000D467E /* Project object */;
			proxyType = 1;
			remoteGlobalIDString = AA1C318E2467E828000D467E;
			remoteInfo = TMXMLYFM;
		};
		AA1C31B12467E82A000D467E /* PBXContainerItemProxy */ = {
			isa = PBXContainerItemProxy;
			containerPortal = AA1C31872467E828000D467E /* Project object */;
			proxyType = 1;
			remoteGlobalIDString = AA1C318E2467E828000D467E;
			remoteInfo = TMXMLYFM;
		};
/* End PBXContainerItemProxy section */

/* Begin PBXFileReference section */
		1B079400F7DE779452F7E12E /* Pods-TMXMLYFMTests.release.xcconfig */ = {isa = PBXFileReference; includeInIndex = 1; lastKnownFileType = text.xcconfig; name = "Pods-TMXMLYFMTests.release.xcconfig"; path = "Target Support Files/Pods-TMXMLYFMTests/Pods-TMXMLYFMTests.release.xcconfig"; sourceTree = "<group>"; };
		620CDDEC721CEC2BF40314A4 /* Pods_TMXMLYFM.framework */ = {isa = PBXFileReference; explicitFileType = wrapper.framework; includeInIndex = 0; path = Pods_TMXMLYFM.framework; sourceTree = BUILT_PRODUCTS_DIR; };
		85CBFF97BE9E9C992030D216 /* Pods-TMXMLYFM.release.xcconfig */ = {isa = PBXFileReference; includeInIndex = 1; lastKnownFileType = text.xcconfig; name = "Pods-TMXMLYFM.release.xcconfig"; path = "Target Support Files/Pods-TMXMLYFM/Pods-TMXMLYFM.release.xcconfig"; sourceTree = "<group>"; };
		8643357BD2DE81D8B6C56E19 /* Pods-TMXMLYFMTests.debug.xcconfig */ = {isa = PBXFileReference; includeInIndex = 1; lastKnownFileType = text.xcconfig; name = "Pods-TMXMLYFMTests.debug.xcconfig"; path = "Target Support Files/Pods-TMXMLYFMTests/Pods-TMXMLYFMTests.debug.xcconfig"; sourceTree = "<group>"; };
		AA1588D32468E05800ACB8EC /* TMBaseContentView.swift */ = {isa = PBXFileReference; lastKnownFileType = sourcecode.swift; path = TMBaseContentView.swift; sourceTree = "<group>"; };
		AA1588D52468E1A500ACB8EC /* TMBouncesContentView.swift */ = {isa = PBXFileReference; lastKnownFileType = sourcecode.swift; path = TMBouncesContentView.swift; sourceTree = "<group>"; };
		AA1588D72468E1CF00ACB8EC /* TMIrregularityContentView.swift */ = {isa = PBXFileReference; lastKnownFileType = sourcecode.swift; path = TMIrregularityContentView.swift; sourceTree = "<group>"; };
		AA1588ED2468EDAF00ACB8EC /* TMHomeViewController.swift */ = {isa = PBXFileReference; lastKnownFileType = sourcecode.swift; path = TMHomeViewController.swift; sourceTree = "<group>"; };
		AA1588EF2468EDB900ACB8EC /* TMListenViewController.swift */ = {isa = PBXFileReference; lastKnownFileType = sourcecode.swift; path = TMListenViewController.swift; sourceTree = "<group>"; };
		AA1588F12468EDC300ACB8EC /* TMPlayViewController.swift */ = {isa = PBXFileReference; lastKnownFileType = sourcecode.swift; path = TMPlayViewController.swift; sourceTree = "<group>"; };
		AA1588F32468EDCD00ACB8EC /* TMFindViewController.swift */ = {isa = PBXFileReference; lastKnownFileType = sourcecode.swift; path = TMFindViewController.swift; sourceTree = "<group>"; };
		AA1588F52468EDD700ACB8EC /* TMMineViewController.swift */ = {isa = PBXFileReference; lastKnownFileType = sourcecode.swift; path = TMMineViewController.swift; sourceTree = "<group>"; };
		AA1588F82468EFC900ACB8EC /* TMNavigationController.swift */ = {isa = PBXFileReference; lastKnownFileType = sourcecode.swift; path = TMNavigationController.swift; sourceTree = "<group>"; };
		AA1588FC2468F00100ACB8EC /* WRNavigationBar.swift */ = {isa = PBXFileReference; fileEncoding = 4; lastKnownFileType = sourcecode.swift; path = WRNavigationBar.swift; sourceTree = "<group>"; };
		AA1588FD2468F00100ACB8EC /* WRCustomNavigationBar.swift */ = {isa = PBXFileReference; fileEncoding = 4; lastKnownFileType = sourcecode.swift; path = WRCustomNavigationBar.swift; sourceTree = "<group>"; };
		AA1588FF2468F00100ACB8EC /* WRProxy.swift */ = {isa = PBXFileReference; fileEncoding = 4; lastKnownFileType = sourcecode.swift; path = WRProxy.swift; sourceTree = "<group>"; };
		AA1589002468F00100ACB8EC /* WRCycleScrollView.swift */ = {isa = PBXFileReference; fileEncoding = 4; lastKnownFileType = sourcecode.swift; path = WRCycleScrollView.swift; sourceTree = "<group>"; };
		AA1589012468F00100ACB8EC /* WRCycleCell.swift */ = {isa = PBXFileReference; fileEncoding = 4; lastKnownFileType = sourcecode.swift; path = WRCycleCell.swift; sourceTree = "<group>"; };
		AA1589082468F19200ACB8EC /* TMConst.swift */ = {isa = PBXFileReference; lastKnownFileType = sourcecode.swift; path = TMConst.swift; sourceTree = "<group>"; };
		AA1C318F2467E828000D467E /* TMXMLYFM.app */ = {isa = PBXFileReference; explicitFileType = wrapper.application; includeInIndex = 0; path = TMXMLYFM.app; sourceTree = BUILT_PRODUCTS_DIR; };
		AA1C31922467E829000D467E /* AppDelegate.swift */ = {isa = PBXFileReference; lastKnownFileType = sourcecode.swift; path = AppDelegate.swift; sourceTree = "<group>"; };
		AA1C31962467E829000D467E /* ViewController.swift */ = {isa = PBXFileReference; lastKnownFileType = sourcecode.swift; path = ViewController.swift; sourceTree = "<group>"; };
		AA1C31992467E829000D467E /* Base */ = {isa = PBXFileReference; lastKnownFileType = file.storyboard; name = Base; path = Base.lproj/Main.storyboard; sourceTree = "<group>"; };
		AA1C319B2467E82A000D467E /* Assets.xcassets */ = {isa = PBXFileReference; lastKnownFileType = folder.assetcatalog; path = Assets.xcassets; sourceTree = "<group>"; };
		AA1C319E2467E82A000D467E /* Base */ = {isa = PBXFileReference; lastKnownFileType = file.storyboard; name = Base; path = Base.lproj/LaunchScreen.storyboard; sourceTree = "<group>"; };
		AA1C31A02467E82A000D467E /* Info.plist */ = {isa = PBXFileReference; lastKnownFileType = text.plist.xml; path = Info.plist; sourceTree = "<group>"; };
		AA1C31A52467E82A000D467E /* TMXMLYFMTests.xctest */ = {isa = PBXFileReference; explicitFileType = wrapper.cfbundle; includeInIndex = 0; path = TMXMLYFMTests.xctest; sourceTree = BUILT_PRODUCTS_DIR; };
		AA1C31A92467E82A000D467E /* TMXMLYFMTests.swift */ = {isa = PBXFileReference; lastKnownFileType = sourcecode.swift; path = TMXMLYFMTests.swift; sourceTree = "<group>"; };
		AA1C31AB2467E82A000D467E /* Info.plist */ = {isa = PBXFileReference; lastKnownFileType = text.plist.xml; path = Info.plist; sourceTree = "<group>"; };
		AA1C31B02467E82A000D467E /* TMXMLYFMUITests.xctest */ = {isa = PBXFileReference; explicitFileType = wrapper.cfbundle; includeInIndex = 0; path = TMXMLYFMUITests.xctest; sourceTree = BUILT_PRODUCTS_DIR; };
		AA1C31B42467E82A000D467E /* TMXMLYFMUITests.swift */ = {isa = PBXFileReference; lastKnownFileType = sourcecode.swift; path = TMXMLYFMUITests.swift; sourceTree = "<group>"; };
		AA1C31B62467E82A000D467E /* Info.plist */ = {isa = PBXFileReference; lastKnownFileType = text.plist.xml; path = Info.plist; sourceTree = "<group>"; };
		AA1C31CA2467FB68000D467E /* TMGuidePage.swift */ = {isa = PBXFileReference; lastKnownFileType = sourcecode.swift; path = TMGuidePage.swift; sourceTree = "<group>"; };
		AA1C31CC2467FB84000D467E /* lead03.png */ = {isa = PBXFileReference; lastKnownFileType = image.png; path = lead03.png; sourceTree = "<group>"; };
		AA1C31CD2467FB84000D467E /* lead01.png */ = {isa = PBXFileReference; lastKnownFileType = image.png; path = lead01.png; sourceTree = "<group>"; };
		AA1C31CE2467FB84000D467E /* lead02.png */ = {isa = PBXFileReference; lastKnownFileType = image.png; path = lead02.png; sourceTree = "<group>"; };
		AA1C31D22467FBD1000D467E /* UIImage+GIF.swift */ = {isa = PBXFileReference; fileEncoding = 4; lastKnownFileType = sourcecode.swift; path = "UIImage+GIF.swift"; sourceTree = "<group>"; };
		AA1C31D42467FBD7000D467E /* guide_btn_bg@2x.png */ = {isa = PBXFileReference; lastKnownFileType = image.png; path = "guide_btn_bg@2x.png"; sourceTree = "<group>"; };
		AB108017328A336766347D2A /* Pods-TMXMLYFM-TMXMLYFMUITests.debug.xcconfig */ = {isa = PBXFileReference; includeInIndex = 1; lastKnownFileType = text.xcconfig; name = "Pods-TMXMLYFM-TMXMLYFMUITests.debug.xcconfig"; path = "Target Support Files/Pods-TMXMLYFM-TMXMLYFMUITests/Pods-TMXMLYFM-TMXMLYFMUITests.debug.xcconfig"; sourceTree = "<group>"; };
		D34BB1F448F23EFD027C697A /* Pods_TMXMLYFMTests.framework */ = {isa = PBXFileReference; explicitFileType = wrapper.framework; includeInIndex = 0; path = Pods_TMXMLYFMTests.framework; sourceTree = BUILT_PRODUCTS_DIR; };
		D3D885B43C14AB9C85B398C5 /* Pods-TMXMLYFM.debug.xcconfig */ = {isa = PBXFileReference; includeInIndex = 1; lastKnownFileType = text.xcconfig; name = "Pods-TMXMLYFM.debug.xcconfig"; path = "Target Support Files/Pods-TMXMLYFM/Pods-TMXMLYFM.debug.xcconfig"; sourceTree = "<group>"; };
		D8AFE499982C77DC5CDAB33E /* Pods_TMXMLYFM_TMXMLYFMUITests.framework */ = {isa = PBXFileReference; explicitFileType = wrapper.framework; includeInIndex = 0; path = Pods_TMXMLYFM_TMXMLYFMUITests.framework; sourceTree = BUILT_PRODUCTS_DIR; };
		F9F43824FA4D38E081BE6BBD /* Pods-TMXMLYFM-TMXMLYFMUITests.release.xcconfig */ = {isa = PBXFileReference; includeInIndex = 1; lastKnownFileType = text.xcconfig; name = "Pods-TMXMLYFM-TMXMLYFMUITests.release.xcconfig"; path = "Target Support Files/Pods-TMXMLYFM-TMXMLYFMUITests/Pods-TMXMLYFM-TMXMLYFMUITests.release.xcconfig"; sourceTree = "<group>"; };
/* End PBXFileReference section */

/* Begin PBXFrameworksBuildPhase section */
		AA1C318C2467E828000D467E /* Frameworks */ = {
			isa = PBXFrameworksBuildPhase;
			buildActionMask = 2147483647;
			files = (
				07EE0D4A74CA9372E38F1812 /* Pods_TMXMLYFM.framework in Frameworks */,
			);
			runOnlyForDeploymentPostprocessing = 0;
		};
		AA1C31A22467E82A000D467E /* Frameworks */ = {
			isa = PBXFrameworksBuildPhase;
			buildActionMask = 2147483647;
			files = (
				AC0577B4FEC1F360517D108A /* Pods_TMXMLYFMTests.framework in Frameworks */,
			);
			runOnlyForDeploymentPostprocessing = 0;
		};
		AA1C31AD2467E82A000D467E /* Frameworks */ = {
			isa = PBXFrameworksBuildPhase;
			buildActionMask = 2147483647;
			files = (
				297055503E3B40FD63A8F13A /* Pods_TMXMLYFM_TMXMLYFMUITests.framework in Frameworks */,
			);
			runOnlyForDeploymentPostprocessing = 0;
		};
/* End PBXFrameworksBuildPhase section */

/* Begin PBXGroup section */
		757E1F39DCE652DEB14FA334 /* Frameworks */ = {
			isa = PBXGroup;
			children = (
				620CDDEC721CEC2BF40314A4 /* Pods_TMXMLYFM.framework */,
				D8AFE499982C77DC5CDAB33E /* Pods_TMXMLYFM_TMXMLYFMUITests.framework */,
				D34BB1F448F23EFD027C697A /* Pods_TMXMLYFMTests.framework */,
			);
			name = Frameworks;
			sourceTree = "<group>";
		};
		AA1588D22468E01B00ACB8EC /* Tabbar */ = {
			isa = PBXGroup;
			children = (
				AA1588D32468E05800ACB8EC /* TMBaseContentView.swift */,
				AA1588D52468E1A500ACB8EC /* TMBouncesContentView.swift */,
				AA1588D72468E1CF00ACB8EC /* TMIrregularityContentView.swift */,
			);
			path = Tabbar;
			sourceTree = "<group>";
		};
		AA1588D92468EBF500ACB8EC /* Controllers */ = {
			isa = PBXGroup;
			children = (
				AA1588ED2468EDAF00ACB8EC /* TMHomeViewController.swift */,
			);
			path = Controllers;
			sourceTree = "<group>";
		};
		AA1588DA2468EBFF00ACB8EC /* Views */ = {
			isa = PBXGroup;
			children = (
			);
			path = Views;
			sourceTree = "<group>";
		};
		AA1588DB2468EC0100ACB8EC /* Managers */ = {
			isa = PBXGroup;
			children = (
			);
			path = Managers;
			sourceTree = "<group>";
		};
		AA1588DC2468EC0300ACB8EC /* Models */ = {
			isa = PBXGroup;
			children = (
			);
			path = Models;
			sourceTree = "<group>";
		};
		AA1588DD2468EC0500ACB8EC /* Views */ = {
			isa = PBXGroup;
			children = (
			);
			path = Views;
			sourceTree = "<group>";
		};
		AA1588DE2468EC0800ACB8EC /* Managers */ = {
			isa = PBXGroup;
			children = (
			);
			path = Managers;
			sourceTree = "<group>";
		};
		AA1588DF2468EC0A00ACB8EC /* Models */ = {
			isa = PBXGroup;
			children = (
			);
			path = Models;
			sourceTree = "<group>";
		};
		AA1588E02468EC0D00ACB8EC /* Controllers */ = {
			isa = PBXGroup;
			children = (
				AA1588EF2468EDB900ACB8EC /* TMListenViewController.swift */,
			);
			path = Controllers;
			sourceTree = "<group>";
		};
		AA1588E12468EC1000ACB8EC /* Views */ = {
			isa = PBXGroup;
			children = (
			);
			path = Views;
			sourceTree = "<group>";
		};
		AA1588E22468EC1300ACB8EC /* Managers */ = {
			isa = PBXGroup;
			children = (
			);
			path = Managers;
			sourceTree = "<group>";
		};
		AA1588E32468EC1500ACB8EC /* Models */ = {
			isa = PBXGroup;
			children = (
			);
			path = Models;
			sourceTree = "<group>";
		};
		AA1588E42468EC1700ACB8EC /* Controllers */ = {
			isa = PBXGroup;
			children = (
				AA1588F12468EDC300ACB8EC /* TMPlayViewController.swift */,
			);
			path = Controllers;
			sourceTree = "<group>";
		};
		AA1588E52468EC1A00ACB8EC /* Views */ = {
			isa = PBXGroup;
			children = (
			);
			path = Views;
			sourceTree = "<group>";
		};
		AA1588E62468EC1D00ACB8EC /* Managers */ = {
			isa = PBXGroup;
			children = (
			);
			path = Managers;
			sourceTree = "<group>";
		};
		AA1588E72468EC2000ACB8EC /* Models */ = {
			isa = PBXGroup;
			children = (
			);
			path = Models;
			sourceTree = "<group>";
		};
		AA1588E82468EC2300ACB8EC /* Controllers */ = {
			isa = PBXGroup;
			children = (
				AA1588F32468EDCD00ACB8EC /* TMFindViewController.swift */,
			);
			path = Controllers;
			sourceTree = "<group>";
		};
		AA1588E92468EC2600ACB8EC /* Views */ = {
			isa = PBXGroup;
			children = (
			);
			path = Views;
			sourceTree = "<group>";
		};
		AA1588EA2468EC2800ACB8EC /* Managers */ = {
			isa = PBXGroup;
			children = (
			);
			path = Managers;
			sourceTree = "<group>";
		};
		AA1588EB2468EC2A00ACB8EC /* Models */ = {
			isa = PBXGroup;
			children = (
			);
			path = Models;
			sourceTree = "<group>";
		};
		AA1588EC2468EC2D00ACB8EC /* Controllers */ = {
			isa = PBXGroup;
			children = (
				AA1588F52468EDD700ACB8EC /* TMMineViewController.swift */,
			);
			path = Controllers;
			sourceTree = "<group>";
		};
		AA1588F72468EFA500ACB8EC /* Navigation */ = {
			isa = PBXGroup;
			children = (
				AA1588F82468EFC900ACB8EC /* TMNavigationController.swift */,
			);
			path = Navigation;
			sourceTree = "<group>";
		};
		AA1588FA2468EFEE00ACB8EC /* Vender */ = {
			isa = PBXGroup;
			children = (
				AA1588FB2468F00100ACB8EC /* WRNavigationBar */,
			);
			path = Vender;
			sourceTree = "<group>";
		};
		AA1588FB2468F00100ACB8EC /* WRNavigationBar */ = {
			isa = PBXGroup;
			children = (
				AA1588FC2468F00100ACB8EC /* WRNavigationBar.swift */,
				AA1588FD2468F00100ACB8EC /* WRCustomNavigationBar.swift */,
				AA1588FE2468F00100ACB8EC /* WRCycleScrollView */,
			);
			path = WRNavigationBar;
			sourceTree = "<group>";
		};
		AA1588FE2468F00100ACB8EC /* WRCycleScrollView */ = {
			isa = PBXGroup;
			children = (
				AA1588FF2468F00100ACB8EC /* WRProxy.swift */,
				AA1589002468F00100ACB8EC /* WRCycleScrollView.swift */,
				AA1589012468F00100ACB8EC /* WRCycleCell.swift */,
			);
			path = WRCycleScrollView;
			sourceTree = "<group>";
		};
		AA1589072468F17C00ACB8EC /* Main */ = {
			isa = PBXGroup;
			children = (
				AA1589082468F19200ACB8EC /* TMConst.swift */,
			);
			path = Main;
			sourceTree = "<group>";
		};
		AA1C31862467E828000D467E = {
			isa = PBXGroup;
			children = (
				AA1C31912467E829000D467E /* TMXMLYFM */,
				AA1C31A82467E82A000D467E /* TMXMLYFMTests */,
				AA1C31B32467E82A000D467E /* TMXMLYFMUITests */,
				AA1C31902467E829000D467E /* Products */,
				AE5A50808262C50E0C066902 /* Pods */,
				757E1F39DCE652DEB14FA334 /* Frameworks */,
			);
			sourceTree = "<group>";
		};
		AA1C31902467E829000D467E /* Products */ = {
			isa = PBXGroup;
			children = (
				AA1C318F2467E828000D467E /* TMXMLYFM.app */,
				AA1C31A52467E82A000D467E /* TMXMLYFMTests.xctest */,
				AA1C31B02467E82A000D467E /* TMXMLYFMUITests.xctest */,
			);
			name = Products;
			sourceTree = "<group>";
		};
		AA1C31912467E829000D467E /* TMXMLYFM */ = {
			isa = PBXGroup;
			children = (
				AA1C31922467E829000D467E /* AppDelegate.swift */,
				AA1C31962467E829000D467E /* ViewController.swift */,
				AA1589072468F17C00ACB8EC /* Main */,
				AA1C31C32467FAAA000D467E /* Home */,
				AA1C31C72467FAEA000D467E /* Listen */,
				AA1C31C62467FAE3000D467E /* Play */,
				AA1C31C52467FAE1000D467E /* Find */,
				AA1C31C42467FADF000D467E /* Mine */,
				AA1C31C22467FA9B000D467E /* Common */,
				AA1C31C82467FB1C000D467E /* Other */,
				AA1C31C92467FB40000D467E /* Guide */,
				AA1588FA2468EFEE00ACB8EC /* Vender */,
				AA1C319B2467E82A000D467E /* Assets.xcassets */,
				AA1C31A02467E82A000D467E /* Info.plist */,
			);
			path = TMXMLYFM;
			sourceTree = "<group>";
		};
		AA1C31A82467E82A000D467E /* TMXMLYFMTests */ = {
			isa = PBXGroup;
			children = (
				AA1C31A92467E82A000D467E /* TMXMLYFMTests.swift */,
				AA1C31AB2467E82A000D467E /* Info.plist */,
			);
			path = TMXMLYFMTests;
			sourceTree = "<group>";
		};
		AA1C31B32467E82A000D467E /* TMXMLYFMUITests */ = {
			isa = PBXGroup;
			children = (
				AA1C31B42467E82A000D467E /* TMXMLYFMUITests.swift */,
				AA1C31B62467E82A000D467E /* Info.plist */,
			);
			path = TMXMLYFMUITests;
			sourceTree = "<group>";
		};
		AA1C31C22467FA9B000D467E /* Common */ = {
			isa = PBXGroup;
			children = (
				AA1588F72468EFA500ACB8EC /* Navigation */,
				AA1588D22468E01B00ACB8EC /* Tabbar */,
			);
			path = Common;
			sourceTree = "<group>";
		};
		AA1C31C32467FAAA000D467E /* Home */ = {
			isa = PBXGroup;
			children = (
				AA1588D92468EBF500ACB8EC /* Controllers */,
				AA1588DC2468EC0300ACB8EC /* Models */,
				AA1588DB2468EC0100ACB8EC /* Managers */,
				AA1588DA2468EBFF00ACB8EC /* Views */,
			);
			path = Home;
			sourceTree = "<group>";
		};
		AA1C31C42467FADF000D467E /* Mine */ = {
			isa = PBXGroup;
			children = (
				AA1588EC2468EC2D00ACB8EC /* Controllers */,
				AA1588EB2468EC2A00ACB8EC /* Models */,
				AA1588EA2468EC2800ACB8EC /* Managers */,
				AA1588E92468EC2600ACB8EC /* Views */,
			);
			path = Mine;
			sourceTree = "<group>";
		};
		AA1C31C52467FAE1000D467E /* Find */ = {
			isa = PBXGroup;
			children = (
				AA1588E82468EC2300ACB8EC /* Controllers */,
				AA1588E72468EC2000ACB8EC /* Models */,
				AA1588E62468EC1D00ACB8EC /* Managers */,
				AA1588E52468EC1A00ACB8EC /* Views */,
			);
			path = Find;
			sourceTree = "<group>";
		};
		AA1C31C62467FAE3000D467E /* Play */ = {
			isa = PBXGroup;
			children = (
				AA1588E42468EC1700ACB8EC /* Controllers */,
				AA1588E32468EC1500ACB8EC /* Models */,
				AA1588E22468EC1300ACB8EC /* Managers */,
				AA1588E12468EC1000ACB8EC /* Views */,
			);
			path = Play;
			sourceTree = "<group>";
		};
		AA1C31C72467FAEA000D467E /* Listen */ = {
			isa = PBXGroup;
			children = (
				AA1588E02468EC0D00ACB8EC /* Controllers */,
				AA1588DF2468EC0A00ACB8EC /* Models */,
				AA1588DE2468EC0800ACB8EC /* Managers */,
				AA1588DD2468EC0500ACB8EC /* Views */,
			);
			path = Listen;
			sourceTree = "<group>";
		};
		AA1C31C82467FB1C000D467E /* Other */ = {
			isa = PBXGroup;
			children = (
				AA1C319D2467E82A000D467E /* LaunchScreen.storyboard */,
				AA1C31982467E829000D467E /* Main.storyboard */,
			);
			path = Other;
			sourceTree = "<group>";
		};
		AA1C31C92467FB40000D467E /* Guide */ = {
			isa = PBXGroup;
			children = (
				AA1C31D42467FBD7000D467E /* guide_btn_bg@2x.png */,
				AA1C31D22467FBD1000D467E /* UIImage+GIF.swift */,
				AA1C31CD2467FB84000D467E /* lead01.png */,
				AA1C31CE2467FB84000D467E /* lead02.png */,
				AA1C31CC2467FB84000D467E /* lead03.png */,
				AA1C31CA2467FB68000D467E /* TMGuidePage.swift */,
			);
			path = Guide;
			sourceTree = "<group>";
		};
		AE5A50808262C50E0C066902 /* Pods */ = {
			isa = PBXGroup;
			children = (
				D3D885B43C14AB9C85B398C5 /* Pods-TMXMLYFM.debug.xcconfig */,
				85CBFF97BE9E9C992030D216 /* Pods-TMXMLYFM.release.xcconfig */,
				AB108017328A336766347D2A /* Pods-TMXMLYFM-TMXMLYFMUITests.debug.xcconfig */,
				F9F43824FA4D38E081BE6BBD /* Pods-TMXMLYFM-TMXMLYFMUITests.release.xcconfig */,
				8643357BD2DE81D8B6C56E19 /* Pods-TMXMLYFMTests.debug.xcconfig */,
				1B079400F7DE779452F7E12E /* Pods-TMXMLYFMTests.release.xcconfig */,
			);
			path = Pods;
			sourceTree = "<group>";
		};
/* End PBXGroup section */

/* Begin PBXNativeTarget section */
		AA1C318E2467E828000D467E /* TMXMLYFM */ = {
			isa = PBXNativeTarget;
			buildConfigurationList = AA1C31B92467E82A000D467E /* Build configuration list for PBXNativeTarget "TMXMLYFM" */;
			buildPhases = (
				E16EB48C9C4AD3DF298829F7 /* [CP] Check Pods Manifest.lock */,
				AA1C318B2467E828000D467E /* Sources */,
				AA1C318C2467E828000D467E /* Frameworks */,
				AA1C318D2467E828000D467E /* Resources */,
				DB9E8199F9A3E8E501A80582 /* [CP] Embed Pods Frameworks */,
			);
			buildRules = (
			);
			dependencies = (
			);
			name = TMXMLYFM;
			productName = TMXMLYFM;
			productReference = AA1C318F2467E828000D467E /* TMXMLYFM.app */;
			productType = "com.apple.product-type.application";
		};
		AA1C31A42467E82A000D467E /* TMXMLYFMTests */ = {
			isa = PBXNativeTarget;
			buildConfigurationList = AA1C31BC2467E82A000D467E /* Build configuration list for PBXNativeTarget "TMXMLYFMTests" */;
			buildPhases = (
				9B021CE5051CC3BD34094749 /* [CP] Check Pods Manifest.lock */,
				AA1C31A12467E82A000D467E /* Sources */,
				AA1C31A22467E82A000D467E /* Frameworks */,
				AA1C31A32467E82A000D467E /* Resources */,
			);
			buildRules = (
			);
			dependencies = (
				AA1C31A72467E82A000D467E /* PBXTargetDependency */,
			);
			name = TMXMLYFMTests;
			productName = TMXMLYFMTests;
			productReference = AA1C31A52467E82A000D467E /* TMXMLYFMTests.xctest */;
			productType = "com.apple.product-type.bundle.unit-test";
		};
		AA1C31AF2467E82A000D467E /* TMXMLYFMUITests */ = {
			isa = PBXNativeTarget;
			buildConfigurationList = AA1C31BF2467E82A000D467E /* Build configuration list for PBXNativeTarget "TMXMLYFMUITests" */;
			buildPhases = (
				F017FB5091733C050F410795 /* [CP] Check Pods Manifest.lock */,
				AA1C31AC2467E82A000D467E /* Sources */,
				AA1C31AD2467E82A000D467E /* Frameworks */,
				AA1C31AE2467E82A000D467E /* Resources */,
				265F278D70CDAEA90537FFE1 /* [CP] Embed Pods Frameworks */,
			);
			buildRules = (
			);
			dependencies = (
				AA1C31B22467E82A000D467E /* PBXTargetDependency */,
			);
			name = TMXMLYFMUITests;
			productName = TMXMLYFMUITests;
			productReference = AA1C31B02467E82A000D467E /* TMXMLYFMUITests.xctest */;
			productType = "com.apple.product-type.bundle.ui-testing";
		};
/* End PBXNativeTarget section */

/* Begin PBXProject section */
		AA1C31872467E828000D467E /* Project object */ = {
			isa = PBXProject;
			attributes = {
				LastSwiftUpdateCheck = 1120;
				LastUpgradeCheck = 1120;
				ORGANIZATIONNAME = mrstock;
				TargetAttributes = {
					AA1C318E2467E828000D467E = {
						CreatedOnToolsVersion = 11.2.1;
					};
					AA1C31A42467E82A000D467E = {
						CreatedOnToolsVersion = 11.2.1;
						TestTargetID = AA1C318E2467E828000D467E;
					};
					AA1C31AF2467E82A000D467E = {
						CreatedOnToolsVersion = 11.2.1;
						TestTargetID = AA1C318E2467E828000D467E;
					};
				};
			};
			buildConfigurationList = AA1C318A2467E828000D467E /* Build configuration list for PBXProject "TMXMLYFM" */;
			compatibilityVersion = "Xcode 9.3";
			developmentRegion = en;
			hasScannedForEncodings = 0;
			knownRegions = (
				en,
				Base,
			);
			mainGroup = AA1C31862467E828000D467E;
			productRefGroup = AA1C31902467E829000D467E /* Products */;
			projectDirPath = "";
			projectRoot = "";
			targets = (
				AA1C318E2467E828000D467E /* TMXMLYFM */,
				AA1C31A42467E82A000D467E /* TMXMLYFMTests */,
				AA1C31AF2467E82A000D467E /* TMXMLYFMUITests */,
			);
		};
/* End PBXProject section */

/* Begin PBXResourcesBuildPhase section */
		AA1C318D2467E828000D467E /* Resources */ = {
			isa = PBXResourcesBuildPhase;
			buildActionMask = 2147483647;
			files = (
				AA1C319F2467E82A000D467E /* LaunchScreen.storyboard in Resources */,
				AA1C31D12467FB84000D467E /* lead02.png in Resources */,
				AA1C31D02467FB84000D467E /* lead01.png in Resources */,
				AA1C319C2467E82A000D467E /* Assets.xcassets in Resources */,
				AA1C31D52467FBD7000D467E /* guide_btn_bg@2x.png in Resources */,
				AA1C31CF2467FB84000D467E /* lead03.png in Resources */,
				AA1C319A2467E829000D467E /* Main.storyboard in Resources */,
			);
			runOnlyForDeploymentPostprocessing = 0;
		};
		AA1C31A32467E82A000D467E /* Resources */ = {
			isa = PBXResourcesBuildPhase;
			buildActionMask = 2147483647;
			files = (
			);
			runOnlyForDeploymentPostprocessing = 0;
		};
		AA1C31AE2467E82A000D467E /* Resources */ = {
			isa = PBXResourcesBuildPhase;
			buildActionMask = 2147483647;
			files = (
			);
			runOnlyForDeploymentPostprocessing = 0;
		};
/* End PBXResourcesBuildPhase section */

/* Begin PBXShellScriptBuildPhase section */
		265F278D70CDAEA90537FFE1 /* [CP] Embed Pods Frameworks */ = {
			isa = PBXShellScriptBuildPhase;
			buildActionMask = 2147483647;
			files = (
			);
			inputFileListPaths = (
				"${PODS_ROOT}/Target Support Files/Pods-TMXMLYFM-TMXMLYFMUITests/Pods-TMXMLYFM-TMXMLYFMUITests-frameworks-${CONFIGURATION}-input-files.xcfilelist",
			);
			name = "[CP] Embed Pods Frameworks";
			outputFileListPaths = (
				"${PODS_ROOT}/Target Support Files/Pods-TMXMLYFM-TMXMLYFMUITests/Pods-TMXMLYFM-TMXMLYFMUITests-frameworks-${CONFIGURATION}-output-files.xcfilelist",
			);
			runOnlyForDeploymentPostprocessing = 0;
			shellPath = /bin/sh;
			shellScript = "\"${PODS_ROOT}/Target Support Files/Pods-TMXMLYFM-TMXMLYFMUITests/Pods-TMXMLYFM-TMXMLYFMUITests-frameworks.sh\"\n";
			showEnvVarsInLog = 0;
		};
		9B021CE5051CC3BD34094749 /* [CP] Check Pods Manifest.lock */ = {
			isa = PBXShellScriptBuildPhase;
			buildActionMask = 2147483647;
			files = (
			);
			inputFileListPaths = (
			);
			inputPaths = (
				"${PODS_PODFILE_DIR_PATH}/Podfile.lock",
				"${PODS_ROOT}/Manifest.lock",
			);
			name = "[CP] Check Pods Manifest.lock";
			outputFileListPaths = (
			);
			outputPaths = (
				"$(DERIVED_FILE_DIR)/Pods-TMXMLYFMTests-checkManifestLockResult.txt",
			);
			runOnlyForDeploymentPostprocessing = 0;
			shellPath = /bin/sh;
			shellScript = "diff \"${PODS_PODFILE_DIR_PATH}/Podfile.lock\" \"${PODS_ROOT}/Manifest.lock\" > /dev/null\nif [ $? != 0 ] ; then\n    # print error to STDERR\n    echo \"error: The sandbox is not in sync with the Podfile.lock. Run 'pod install' or update your CocoaPods installation.\" >&2\n    exit 1\nfi\n# This output is used by Xcode 'outputs' to avoid re-running this script phase.\necho \"SUCCESS\" > \"${SCRIPT_OUTPUT_FILE_0}\"\n";
			showEnvVarsInLog = 0;
		};
		DB9E8199F9A3E8E501A80582 /* [CP] Embed Pods Frameworks */ = {
			isa = PBXShellScriptBuildPhase;
			buildActionMask = 2147483647;
			files = (
			);
			inputFileListPaths = (
				"${PODS_ROOT}/Target Support Files/Pods-TMXMLYFM/Pods-TMXMLYFM-frameworks-${CONFIGURATION}-input-files.xcfilelist",
			);
			name = "[CP] Embed Pods Frameworks";
			outputFileListPaths = (
				"${PODS_ROOT}/Target Support Files/Pods-TMXMLYFM/Pods-TMXMLYFM-frameworks-${CONFIGURATION}-output-files.xcfilelist",
			);
			runOnlyForDeploymentPostprocessing = 0;
			shellPath = /bin/sh;
			shellScript = "\"${PODS_ROOT}/Target Support Files/Pods-TMXMLYFM/Pods-TMXMLYFM-frameworks.sh\"\n";
			showEnvVarsInLog = 0;
		};
		E16EB48C9C4AD3DF298829F7 /* [CP] Check Pods Manifest.lock */ = {
			isa = PBXShellScriptBuildPhase;
			buildActionMask = 2147483647;
			files = (
			);
			inputFileListPaths = (
			);
			inputPaths = (
				"${PODS_PODFILE_DIR_PATH}/Podfile.lock",
				"${PODS_ROOT}/Manifest.lock",
			);
			name = "[CP] Check Pods Manifest.lock";
			outputFileListPaths = (
			);
			outputPaths = (
				"$(DERIVED_FILE_DIR)/Pods-TMXMLYFM-checkManifestLockResult.txt",
			);
			runOnlyForDeploymentPostprocessing = 0;
			shellPath = /bin/sh;
			shellScript = "diff \"${PODS_PODFILE_DIR_PATH}/Podfile.lock\" \"${PODS_ROOT}/Manifest.lock\" > /dev/null\nif [ $? != 0 ] ; then\n    # print error to STDERR\n    echo \"error: The sandbox is not in sync with the Podfile.lock. Run 'pod install' or update your CocoaPods installation.\" >&2\n    exit 1\nfi\n# This output is used by Xcode 'outputs' to avoid re-running this script phase.\necho \"SUCCESS\" > \"${SCRIPT_OUTPUT_FILE_0}\"\n";
			showEnvVarsInLog = 0;
		};
		F017FB5091733C050F410795 /* [CP] Check Pods Manifest.lock */ = {
			isa = PBXShellScriptBuildPhase;
			buildActionMask = 2147483647;
			files = (
			);
			inputFileListPaths = (
			);
			inputPaths = (
				"${PODS_PODFILE_DIR_PATH}/Podfile.lock",
				"${PODS_ROOT}/Manifest.lock",
			);
			name = "[CP] Check Pods Manifest.lock";
			outputFileListPaths = (
			);
			outputPaths = (
				"$(DERIVED_FILE_DIR)/Pods-TMXMLYFM-TMXMLYFMUITests-checkManifestLockResult.txt",
			);
			runOnlyForDeploymentPostprocessing = 0;
			shellPath = /bin/sh;
			shellScript = "diff \"${PODS_PODFILE_DIR_PATH}/Podfile.lock\" \"${PODS_ROOT}/Manifest.lock\" > /dev/null\nif [ $? != 0 ] ; then\n    # print error to STDERR\n    echo \"error: The sandbox is not in sync with the Podfile.lock. Run 'pod install' or update your CocoaPods installation.\" >&2\n    exit 1\nfi\n# This output is used by Xcode 'outputs' to avoid re-running this script phase.\necho \"SUCCESS\" > \"${SCRIPT_OUTPUT_FILE_0}\"\n";
			showEnvVarsInLog = 0;
		};
/* End PBXShellScriptBuildPhase section */

/* Begin PBXSourcesBuildPhase section */
		AA1C318B2467E828000D467E /* Sources */ = {
			isa = PBXSourcesBuildPhase;
			buildActionMask = 2147483647;
			files = (
				AA1588D42468E05800ACB8EC /* TMBaseContentView.swift in Sources */,
				AA1588F22468EDC300ACB8EC /* TMPlayViewController.swift in Sources */,
				AA1588D82468E1CF00ACB8EC /* TMIrregularityContentView.swift in Sources */,
				AA1589042468F00100ACB8EC /* WRProxy.swift in Sources */,
				AA1588D62468E1A500ACB8EC /* TMBouncesContentView.swift in Sources */,
				AA1588F92468EFC900ACB8EC /* TMNavigationController.swift in Sources */,
				AA1C31972467E829000D467E /* ViewController.swift in Sources */,
				AA1588F02468EDB900ACB8EC /* TMListenViewController.swift in Sources */,
				AA1589052468F00100ACB8EC /* WRCycleScrollView.swift in Sources */,
				AA1588F62468EDD700ACB8EC /* TMMineViewController.swift in Sources */,
				AA1588F42468EDCD00ACB8EC /* TMFindViewController.swift in Sources */,
				AA1C31932467E829000D467E /* AppDelegate.swift in Sources */,
				AA1589022468F00100ACB8EC /* WRNavigationBar.swift in Sources */,
				AA1589062468F00100ACB8EC /* WRCycleCell.swift in Sources */,
				AA1C31D32467FBD1000D467E /* UIImage+GIF.swift in Sources */,
				AA1588EE2468EDAF00ACB8EC /* TMHomeViewController.swift in Sources */,
				AA1589032468F00100ACB8EC /* WRCustomNavigationBar.swift in Sources */,
				AA1589092468F19200ACB8EC /* TMConst.swift in Sources */,
				AA1C31CB2467FB68000D467E /* TMGuidePage.swift in Sources */,
			);
			runOnlyForDeploymentPostprocessing = 0;
		};
		AA1C31A12467E82A000D467E /* Sources */ = {
			isa = PBXSourcesBuildPhase;
			buildActionMask = 2147483647;
			files = (
				AA1C31AA2467E82A000D467E /* TMXMLYFMTests.swift in Sources */,
			);
			runOnlyForDeploymentPostprocessing = 0;
		};
		AA1C31AC2467E82A000D467E /* Sources */ = {
			isa = PBXSourcesBuildPhase;
			buildActionMask = 2147483647;
			files = (
				AA1C31B52467E82A000D467E /* TMXMLYFMUITests.swift in Sources */,
			);
			runOnlyForDeploymentPostprocessing = 0;
		};
/* End PBXSourcesBuildPhase section */

/* Begin PBXTargetDependency section */
		AA1C31A72467E82A000D467E /* PBXTargetDependency */ = {
			isa = PBXTargetDependency;
			target = AA1C318E2467E828000D467E /* TMXMLYFM */;
			targetProxy = AA1C31A62467E82A000D467E /* PBXContainerItemProxy */;
		};
		AA1C31B22467E82A000D467E /* PBXTargetDependency */ = {
			isa = PBXTargetDependency;
			target = AA1C318E2467E828000D467E /* TMXMLYFM */;
			targetProxy = AA1C31B12467E82A000D467E /* PBXContainerItemProxy */;
		};
/* End PBXTargetDependency section */

/* Begin PBXVariantGroup section */
		AA1C31982467E829000D467E /* Main.storyboard */ = {
			isa = PBXVariantGroup;
			children = (
				AA1C31992467E829000D467E /* Base */,
			);
			name = Main.storyboard;
			sourceTree = "<group>";
		};
		AA1C319D2467E82A000D467E /* LaunchScreen.storyboard */ = {
			isa = PBXVariantGroup;
			children = (
				AA1C319E2467E82A000D467E /* Base */,
			);
			name = LaunchScreen.storyboard;
			sourceTree = "<group>";
		};
/* End PBXVariantGroup section */

/* Begin XCBuildConfiguration section */
		AA1C31B72467E82A000D467E /* Debug */ = {
			isa = XCBuildConfiguration;
			buildSettings = {
				ALWAYS_SEARCH_USER_PATHS = NO;
				CLANG_ANALYZER_NONNULL = YES;
				CLANG_ANALYZER_NUMBER_OBJECT_CONVERSION = YES_AGGRESSIVE;
				CLANG_CXX_LANGUAGE_STANDARD = "gnu++14";
				CLANG_CXX_LIBRARY = "libc++";
				CLANG_ENABLE_MODULES = YES;
				CLANG_ENABLE_OBJC_ARC = YES;
				CLANG_ENABLE_OBJC_WEAK = YES;
				CLANG_WARN_BLOCK_CAPTURE_AUTORELEASING = YES;
				CLANG_WARN_BOOL_CONVERSION = YES;
				CLANG_WARN_COMMA = YES;
				CLANG_WARN_CONSTANT_CONVERSION = YES;
				CLANG_WARN_DEPRECATED_OBJC_IMPLEMENTATIONS = YES;
				CLANG_WARN_DIRECT_OBJC_ISA_USAGE = YES_ERROR;
				CLANG_WARN_DOCUMENTATION_COMMENTS = YES;
				CLANG_WARN_EMPTY_BODY = YES;
				CLANG_WARN_ENUM_CONVERSION = YES;
				CLANG_WARN_INFINITE_RECURSION = YES;
				CLANG_WARN_INT_CONVERSION = YES;
				CLANG_WARN_NON_LITERAL_NULL_CONVERSION = YES;
				CLANG_WARN_OBJC_IMPLICIT_RETAIN_SELF = YES;
				CLANG_WARN_OBJC_LITERAL_CONVERSION = YES;
				CLANG_WARN_OBJC_ROOT_CLASS = YES_ERROR;
				CLANG_WARN_RANGE_LOOP_ANALYSIS = YES;
				CLANG_WARN_STRICT_PROTOTYPES = YES;
				CLANG_WARN_SUSPICIOUS_MOVE = YES;
				CLANG_WARN_UNGUARDED_AVAILABILITY = YES_AGGRESSIVE;
				CLANG_WARN_UNREACHABLE_CODE = YES;
				CLANG_WARN__DUPLICATE_METHOD_MATCH = YES;
				COPY_PHASE_STRIP = NO;
				DEBUG_INFORMATION_FORMAT = dwarf;
				ENABLE_STRICT_OBJC_MSGSEND = YES;
				ENABLE_TESTABILITY = YES;
				GCC_C_LANGUAGE_STANDARD = gnu11;
				GCC_DYNAMIC_NO_PIC = NO;
				GCC_NO_COMMON_BLOCKS = YES;
				GCC_OPTIMIZATION_LEVEL = 0;
				GCC_PREPROCESSOR_DEFINITIONS = (
					"DEBUG=1",
					"$(inherited)",
				);
				GCC_WARN_64_TO_32_BIT_CONVERSION = YES;
				GCC_WARN_ABOUT_RETURN_TYPE = YES_ERROR;
				GCC_WARN_UNDECLARED_SELECTOR = YES;
				GCC_WARN_UNINITIALIZED_AUTOS = YES_AGGRESSIVE;
				GCC_WARN_UNUSED_FUNCTION = YES;
				GCC_WARN_UNUSED_VARIABLE = YES;
				IPHONEOS_DEPLOYMENT_TARGET = 13.2;
				MTL_ENABLE_DEBUG_INFO = INCLUDE_SOURCE;
				MTL_FAST_MATH = YES;
				ONLY_ACTIVE_ARCH = YES;
				SDKROOT = iphoneos;
				SWIFT_ACTIVE_COMPILATION_CONDITIONS = DEBUG;
				SWIFT_OPTIMIZATION_LEVEL = "-Onone";
			};
			name = Debug;
		};
		AA1C31B82467E82A000D467E /* Release */ = {
			isa = XCBuildConfiguration;
			buildSettings = {
				ALWAYS_SEARCH_USER_PATHS = NO;
				CLANG_ANALYZER_NONNULL = YES;
				CLANG_ANALYZER_NUMBER_OBJECT_CONVERSION = YES_AGGRESSIVE;
				CLANG_CXX_LANGUAGE_STANDARD = "gnu++14";
				CLANG_CXX_LIBRARY = "libc++";
				CLANG_ENABLE_MODULES = YES;
				CLANG_ENABLE_OBJC_ARC = YES;
				CLANG_ENABLE_OBJC_WEAK = YES;
				CLANG_WARN_BLOCK_CAPTURE_AUTORELEASING = YES;
				CLANG_WARN_BOOL_CONVERSION = YES;
				CLANG_WARN_COMMA = YES;
				CLANG_WARN_CONSTANT_CONVERSION = YES;
				CLANG_WARN_DEPRECATED_OBJC_IMPLEMENTATIONS = YES;
				CLANG_WARN_DIRECT_OBJC_ISA_USAGE = YES_ERROR;
				CLANG_WARN_DOCUMENTATION_COMMENTS = YES;
				CLANG_WARN_EMPTY_BODY = YES;
				CLANG_WARN_ENUM_CONVERSION = YES;
				CLANG_WARN_INFINITE_RECURSION = YES;
				CLANG_WARN_INT_CONVERSION = YES;
				CLANG_WARN_NON_LITERAL_NULL_CONVERSION = YES;
				CLANG_WARN_OBJC_IMPLICIT_RETAIN_SELF = YES;
				CLANG_WARN_OBJC_LITERAL_CONVERSION = YES;
				CLANG_WARN_OBJC_ROOT_CLASS = YES_ERROR;
				CLANG_WARN_RANGE_LOOP_ANALYSIS = YES;
				CLANG_WARN_STRICT_PROTOTYPES = YES;
				CLANG_WARN_SUSPICIOUS_MOVE = YES;
				CLANG_WARN_UNGUARDED_AVAILABILITY = YES_AGGRESSIVE;
				CLANG_WARN_UNREACHABLE_CODE = YES;
				CLANG_WARN__DUPLICATE_METHOD_MATCH = YES;
				COPY_PHASE_STRIP = NO;
				DEBUG_INFORMATION_FORMAT = "dwarf-with-dsym";
				ENABLE_NS_ASSERTIONS = NO;
				ENABLE_STRICT_OBJC_MSGSEND = YES;
				GCC_C_LANGUAGE_STANDARD = gnu11;
				GCC_NO_COMMON_BLOCKS = YES;
				GCC_WARN_64_TO_32_BIT_CONVERSION = YES;
				GCC_WARN_ABOUT_RETURN_TYPE = YES_ERROR;
				GCC_WARN_UNDECLARED_SELECTOR = YES;
				GCC_WARN_UNINITIALIZED_AUTOS = YES_AGGRESSIVE;
				GCC_WARN_UNUSED_FUNCTION = YES;
				GCC_WARN_UNUSED_VARIABLE = YES;
				IPHONEOS_DEPLOYMENT_TARGET = 13.2;
				MTL_ENABLE_DEBUG_INFO = NO;
				MTL_FAST_MATH = YES;
				SDKROOT = iphoneos;
				SWIFT_COMPILATION_MODE = wholemodule;
				SWIFT_OPTIMIZATION_LEVEL = "-O";
				VALIDATE_PRODUCT = YES;
			};
			name = Release;
		};
		AA1C31BA2467E82A000D467E /* Debug */ = {
			isa = XCBuildConfiguration;
			baseConfigurationReference = D3D885B43C14AB9C85B398C5 /* Pods-TMXMLYFM.debug.xcconfig */;
			buildSettings = {
				ASSETCATALOG_COMPILER_APPICON_NAME = AppIcon;
				CODE_SIGN_STYLE = Automatic;
				DEVELOPMENT_TEAM = X4634493CA;
				INFOPLIST_FILE = TMXMLYFM/Info.plist;
				IPHONEOS_DEPLOYMENT_TARGET = 10.0;
				LD_RUNPATH_SEARCH_PATHS = (
					"$(inherited)",
					"@executable_path/Frameworks",
				);
				PRODUCT_BUNDLE_IDENTIFIER = com.mrstock.TMXMLYFM;
				PRODUCT_NAME = "$(TARGET_NAME)";
				SWIFT_VERSION = 5.0;
				TARGETED_DEVICE_FAMILY = "1,2";
			};
			name = Debug;
		};
		AA1C31BB2467E82A000D467E /* Release */ = {
			isa = XCBuildConfiguration;
			baseConfigurationReference = 85CBFF97BE9E9C992030D216 /* Pods-TMXMLYFM.release.xcconfig */;
			buildSettings = {
				ASSETCATALOG_COMPILER_APPICON_NAME = AppIcon;
				CODE_SIGN_STYLE = Automatic;
				DEVELOPMENT_TEAM = X4634493CA;
				INFOPLIST_FILE = TMXMLYFM/Info.plist;
				IPHONEOS_DEPLOYMENT_TARGET = 10.0;
				LD_RUNPATH_SEARCH_PATHS = (
					"$(inherited)",
					"@executable_path/Frameworks",
				);
				PRODUCT_BUNDLE_IDENTIFIER = com.mrstock.TMXMLYFM;
				PRODUCT_NAME = "$(TARGET_NAME)";
				SWIFT_VERSION = 5.0;
				TARGETED_DEVICE_FAMILY = "1,2";
			};
			name = Release;
		};
		AA1C31BD2467E82A000D467E /* Debug */ = {
			isa = XCBuildConfiguration;
			baseConfigurationReference = 8643357BD2DE81D8B6C56E19 /* Pods-TMXMLYFMTests.debug.xcconfig */;
			buildSettings = {
				ALWAYS_EMBED_SWIFT_STANDARD_LIBRARIES = YES;
				BUNDLE_LOADER = "$(TEST_HOST)";
				CODE_SIGN_STYLE = Automatic;
				DEVELOPMENT_TEAM = X4634493CA;
				INFOPLIST_FILE = TMXMLYFMTests/Info.plist;
				IPHONEOS_DEPLOYMENT_TARGET = 13.2;
				LD_RUNPATH_SEARCH_PATHS = (
					"$(inherited)",
					"@executable_path/Frameworks",
					"@loader_path/Frameworks",
				);
				PRODUCT_BUNDLE_IDENTIFIER = com.mrstock.TMXMLYFMTests;
				PRODUCT_NAME = "$(TARGET_NAME)";
				SWIFT_VERSION = 5.0;
				TARGETED_DEVICE_FAMILY = "1,2";
				TEST_HOST = "$(BUILT_PRODUCTS_DIR)/TMXMLYFM.app/TMXMLYFM";
			};
			name = Debug;
		};
		AA1C31BE2467E82A000D467E /* Release */ = {
			isa = XCBuildConfiguration;
			baseConfigurationReference = 1B079400F7DE779452F7E12E /* Pods-TMXMLYFMTests.release.xcconfig */;
			buildSettings = {
				ALWAYS_EMBED_SWIFT_STANDARD_LIBRARIES = YES;
				BUNDLE_LOADER = "$(TEST_HOST)";
				CODE_SIGN_STYLE = Automatic;
				DEVELOPMENT_TEAM = X4634493CA;
				INFOPLIST_FILE = TMXMLYFMTests/Info.plist;
				IPHONEOS_DEPLOYMENT_TARGET = 13.2;
				LD_RUNPATH_SEARCH_PATHS = (
					"$(inherited)",
					"@executable_path/Frameworks",
					"@loader_path/Frameworks",
				);
				PRODUCT_BUNDLE_IDENTIFIER = com.mrstock.TMXMLYFMTests;
				PRODUCT_NAME = "$(TARGET_NAME)";
				SWIFT_VERSION = 5.0;
				TARGETED_DEVICE_FAMILY = "1,2";
				TEST_HOST = "$(BUILT_PRODUCTS_DIR)/TMXMLYFM.app/TMXMLYFM";
			};
			name = Release;
		};
		AA1C31C02467E82A000D467E /* Debug */ = {
			isa = XCBuildConfiguration;
			baseConfigurationReference = AB108017328A336766347D2A /* Pods-TMXMLYFM-TMXMLYFMUITests.debug.xcconfig */;
			buildSettings = {
				ALWAYS_EMBED_SWIFT_STANDARD_LIBRARIES = YES;
				CODE_SIGN_STYLE = Automatic;
				DEVELOPMENT_TEAM = X4634493CA;
				INFOPLIST_FILE = TMXMLYFMUITests/Info.plist;
				LD_RUNPATH_SEARCH_PATHS = (
					"$(inherited)",
					"@executable_path/Frameworks",
					"@loader_path/Frameworks",
				);
				PRODUCT_BUNDLE_IDENTIFIER = com.mrstock.TMXMLYFMUITests;
				PRODUCT_NAME = "$(TARGET_NAME)";
				SWIFT_VERSION = 5.0;
				TARGETED_DEVICE_FAMILY = "1,2";
				TEST_TARGET_NAME = TMXMLYFM;
			};
			name = Debug;
		};
		AA1C31C12467E82A000D467E /* Release */ = {
			isa = XCBuildConfiguration;
			baseConfigurationReference = F9F43824FA4D38E081BE6BBD /* Pods-TMXMLYFM-TMXMLYFMUITests.release.xcconfig */;
			buildSettings = {
				ALWAYS_EMBED_SWIFT_STANDARD_LIBRARIES = YES;
				CODE_SIGN_STYLE = Automatic;
				DEVELOPMENT_TEAM = X4634493CA;
				INFOPLIST_FILE = TMXMLYFMUITests/Info.plist;
				LD_RUNPATH_SEARCH_PATHS = (
					"$(inherited)",
					"@executable_path/Frameworks",
					"@loader_path/Frameworks",
				);
				PRODUCT_BUNDLE_IDENTIFIER = com.mrstock.TMXMLYFMUITests;
				PRODUCT_NAME = "$(TARGET_NAME)";
				SWIFT_VERSION = 5.0;
				TARGETED_DEVICE_FAMILY = "1,2";
				TEST_TARGET_NAME = TMXMLYFM;
			};
			name = Release;
		};
/* End XCBuildConfiguration section */

/* Begin XCConfigurationList section */
		AA1C318A2467E828000D467E /* Build configuration list for PBXProject "TMXMLYFM" */ = {
			isa = XCConfigurationList;
			buildConfigurations = (
				AA1C31B72467E82A000D467E /* Debug */,
				AA1C31B82467E82A000D467E /* Release */,
			);
			defaultConfigurationIsVisible = 0;
			defaultConfigurationName = Release;
		};
		AA1C31B92467E82A000D467E /* Build configuration list for PBXNativeTarget "TMXMLYFM" */ = {
			isa = XCConfigurationList;
			buildConfigurations = (
				AA1C31BA2467E82A000D467E /* Debug */,
				AA1C31BB2467E82A000D467E /* Release */,
			);
			defaultConfigurationIsVisible = 0;
			defaultConfigurationName = Release;
		};
		AA1C31BC2467E82A000D467E /* Build configuration list for PBXNativeTarget "TMXMLYFMTests" */ = {
			isa = XCConfigurationList;
			buildConfigurations = (
				AA1C31BD2467E82A000D467E /* Debug */,
				AA1C31BE2467E82A000D467E /* Release */,
			);
			defaultConfigurationIsVisible = 0;
			defaultConfigurationName = Release;
		};
		AA1C31BF2467E82A000D467E /* Build configuration list for PBXNativeTarget "TMXMLYFMUITests" */ = {
			isa = XCConfigurationList;
			buildConfigurations = (
				AA1C31C02467E82A000D467E /* Debug */,
				AA1C31C12467E82A000D467E /* Release */,
			);
			defaultConfigurationIsVisible = 0;
			defaultConfigurationName = Release;
		};
/* End XCConfigurationList section */
	};
	rootObject = AA1C31872467E828000D467E /* Project object */;
}
